// !$*UTF8*$!
{
	archiveVersion = 1;
	classes = {
	};
	objectVersion = 56;
	objects = {

/* Begin PBXBuildFile section */
		6E31705B295E831E001633D6 /* bomb_switch.riv in Resources */ = {isa = PBXBuildFile; fileRef = 6E31705A295E831E001633D6 /* bomb_switch.riv */; };
		6E31705D295FCCA3001633D6 /* Bomb.swift in Sources */ = {isa = PBXBuildFile; fileRef = 6E31705C295FCCA3001633D6 /* Bomb.swift */; };
		6E317061295FD276001633D6 /* BombView.swift in Sources */ = {isa = PBXBuildFile; fileRef = 6E317060295FD276001633D6 /* BombView.swift */; };
		6E31706729650AF4001633D6 /* BombViewModel.swift in Sources */ = {isa = PBXBuildFile; fileRef = 6E31706629650AF4001633D6 /* BombViewModel.swift */; };
		6E317069296520CC001633D6 /* explosion.riv in Resources */ = {isa = PBXBuildFile; fileRef = 6E317068296520CC001633D6 /* explosion.riv */; };
		6E85AAC2295DBAF900E82503 /* RiveRuntime in Frameworks */ = {isa = PBXBuildFile; productRef = 6E85AAC1295DBAF900E82503 /* RiveRuntime */; };
		6EA0F92E2953454F00552ECD /* Practice01App.swift in Sources */ = {isa = PBXBuildFile; fileRef = 6EA0F92D2953454F00552ECD /* Practice01App.swift */; };
		6EA0F9302953454F00552ECD /* ContentView.swift in Sources */ = {isa = PBXBuildFile; fileRef = 6EA0F92F2953454F00552ECD /* ContentView.swift */; };
		6EA0F9322953454F00552ECD /* Assets.xcassets in Resources */ = {isa = PBXBuildFile; fileRef = 6EA0F9312953454F00552ECD /* Assets.xcassets */; };
		6EA0F9362953454F00552ECD /* Preview Assets.xcassets in Resources */ = {isa = PBXBuildFile; fileRef = 6EA0F9352953454F00552ECD /* Preview Assets.xcassets */; };
		6EA0F93F2955148800552ECD /* MainViewModel.swift in Sources */ = {isa = PBXBuildFile; fileRef = 6EA0F93E2955148800552ECD /* MainViewModel.swift */; };
/* End PBXBuildFile section */

/* Begin PBXFileReference section */
		6E31705A295E831E001633D6 /* bomb_switch.riv */ = {isa = PBXFileReference; lastKnownFileType = file; path = bomb_switch.riv; sourceTree = "<group>"; };
		6E31705C295FCCA3001633D6 /* Bomb.swift */ = {isa = PBXFileReference; lastKnownFileType = sourcecode.swift; path = Bomb.swift; sourceTree = "<group>"; };
		6E317060295FD276001633D6 /* BombView.swift */ = {isa = PBXFileReference; lastKnownFileType = sourcecode.swift; path = BombView.swift; sourceTree = "<group>"; };
		6E31706629650AF4001633D6 /* BombViewModel.swift */ = {isa = PBXFileReference; lastKnownFileType = sourcecode.swift; path = BombViewModel.swift; sourceTree = "<group>"; };
		6E317068296520CC001633D6 /* explosion.riv */ = {isa = PBXFileReference; lastKnownFileType = file; path = explosion.riv; sourceTree = "<group>"; };
		6EA0F92A2953454F00552ECD /* Practice01.app */ = {isa = PBXFileReference; explicitFileType = wrapper.application; includeInIndex = 0; path = Practice01.app; sourceTree = BUILT_PRODUCTS_DIR; };
		6EA0F92D2953454F00552ECD /* Practice01App.swift */ = {isa = PBXFileReference; lastKnownFileType = sourcecode.swift; path = Practice01App.swift; sourceTree = "<group>"; };
		6EA0F92F2953454F00552ECD /* ContentView.swift */ = {isa = PBXFileReference; lastKnownFileType = sourcecode.swift; path = ContentView.swift; sourceTree = "<group>"; };
		6EA0F9312953454F00552ECD /* Assets.xcassets */ = {isa = PBXFileReference; lastKnownFileType = folder.assetcatalog; path = Assets.xcassets; sourceTree = "<group>"; };
		6EA0F9332953454F00552ECD /* Practice01.entitlements */ = {isa = PBXFileReference; lastKnownFileType = text.plist.entitlements; path = Practice01.entitlements; sourceTree = "<group>"; };
		6EA0F9352953454F00552ECD /* Preview Assets.xcassets */ = {isa = PBXFileReference; lastKnownFileType = folder.assetcatalog; path = "Preview Assets.xcassets"; sourceTree = "<group>"; };
		6EA0F93E2955148800552ECD /* MainViewModel.swift */ = {isa = PBXFileReference; lastKnownFileType = sourcecode.swift; path = MainViewModel.swift; sourceTree = "<group>"; };
/* End PBXFileReference section */

/* Begin PBXFrameworksBuildPhase section */
		6EA0F9272953454F00552ECD /* Frameworks */ = {
			isa = PBXFrameworksBuildPhase;
			buildActionMask = 2147483647;
			files = (
				6E85AAC2295DBAF900E82503 /* RiveRuntime in Frameworks */,
			);
			runOnlyForDeploymentPostprocessing = 0;
		};
/* End PBXFrameworksBuildPhase section */

/* Begin PBXGroup section */
		6E317053295E6F78001633D6 /* Rive Files */ = {
			isa = PBXGroup;
			children = (
				6E317068296520CC001633D6 /* explosion.riv */,
				6E31705A295E831E001633D6 /* bomb_switch.riv */,
			);
			path = "Rive Files";
			sourceTree = "<group>";
		};
		6E31705F295FD25E001633D6 /* View */ = {
			isa = PBXGroup;
			children = (
				6E317060295FD276001633D6 /* BombView.swift */,
			);
			path = View;
			sourceTree = "<group>";
		};
		6EA0F9212953454F00552ECD = {
			isa = PBXGroup;
			children = (
				6EA0F92C2953454F00552ECD /* Practice01 */,
				6EA0F92B2953454F00552ECD /* Products */,
			);
			sourceTree = "<group>";
		};
		6EA0F92B2953454F00552ECD /* Products */ = {
			isa = PBXGroup;
			children = (
				6EA0F92A2953454F00552ECD /* Practice01.app */,
			);
			name = Products;
			sourceTree = "<group>";
		};
		6EA0F92C2953454F00552ECD /* Practice01 */ = {
			isa = PBXGroup;
			children = (
				6E31705F295FD25E001633D6 /* View */,
				6E317053295E6F78001633D6 /* Rive Files */,
				6EA0F93D2955145900552ECD /* ViewModel */,
				6EA0F93C2955142400552ECD /* Model */,
				6EA0F92D2953454F00552ECD /* Practice01App.swift */,
				6EA0F92F2953454F00552ECD /* ContentView.swift */,
				6EA0F9312953454F00552ECD /* Assets.xcassets */,
				6EA0F9332953454F00552ECD /* Practice01.entitlements */,
				6EA0F9342953454F00552ECD /* Preview Content */,
			);
			path = Practice01;
			sourceTree = "<group>";
		};
		6EA0F9342953454F00552ECD /* Preview Content */ = {
			isa = PBXGroup;
			children = (
				6EA0F9352953454F00552ECD /* Preview Assets.xcassets */,
			);
			path = "Preview Content";
			sourceTree = "<group>";
		};
		6EA0F93C2955142400552ECD /* Model */ = {
			isa = PBXGroup;
			children = (
				6E31705C295FCCA3001633D6 /* Bomb.swift */,
			);
			path = Model;
			sourceTree = "<group>";
		};
		6EA0F93D2955145900552ECD /* ViewModel */ = {
			isa = PBXGroup;
			children = (
				6EA0F93E2955148800552ECD /* MainViewModel.swift */,
				6E31706629650AF4001633D6 /* BombViewModel.swift */,
			);
			path = ViewModel;
			sourceTree = "<group>";
		};
/* End PBXGroup section */

/* Begin PBXNativeTarget section */
		6EA0F9292953454F00552ECD /* Practice01 */ = {
			isa = PBXNativeTarget;
			buildConfigurationList = 6EA0F9392953454F00552ECD /* Build configuration list for PBXNativeTarget "Practice01" */;
			buildPhases = (
				6EA0F9262953454F00552ECD /* Sources */,
				6EA0F9272953454F00552ECD /* Frameworks */,
				6EA0F9282953454F00552ECD /* Resources */,
			);
			buildRules = (
			);
			dependencies = (
			);
			name = Practice01;
			packageProductDependencies = (
				6E85AAC1295DBAF900E82503 /* RiveRuntime */,
			);
			productName = Practice01;
			productReference = 6EA0F92A2953454F00552ECD /* Practice01.app */;
			productType = "com.apple.product-type.application";
		};
/* End PBXNativeTarget section */

/* Begin PBXProject section */
		6EA0F9222953454F00552ECD /* Project object */ = {
			isa = PBXProject;
			attributes = {
				BuildIndependentTargetsInParallel = 1;
				LastSwiftUpdateCheck = 1420;
				LastUpgradeCheck = 1420;
				TargetAttributes = {
					6EA0F9292953454F00552ECD = {
						CreatedOnToolsVersion = 14.2;
					};
				};
			};
			buildConfigurationList = 6EA0F9252953454F00552ECD /* Build configuration list for PBXProject "Practice01" */;
			compatibilityVersion = "Xcode 14.0";
			developmentRegion = en;
			hasScannedForEncodings = 0;
			knownRegions = (
				en,
				Base,
			);
			mainGroup = 6EA0F9212953454F00552ECD;
			packageReferences = (
				6E85AAC0295DBAF900E82503 /* XCRemoteSwiftPackageReference "rive-ios" */,
			);
			productRefGroup = 6EA0F92B2953454F00552ECD /* Products */;
			projectDirPath = "";
			projectRoot = "";
			targets = (
				6EA0F9292953454F00552ECD /* Practice01 */,
			);
		};
/* End PBXProject section */

/* Begin PBXResourcesBuildPhase section */
		6EA0F9282953454F00552ECD /* Resources */ = {
			isa = PBXResourcesBuildPhase;
			buildActionMask = 2147483647;
			files = (
				6E31705B295E831E001633D6 /* bomb_switch.riv in Resources */,
				6E317069296520CC001633D6 /* explosion.riv in Resources */,
				6EA0F9362953454F00552ECD /* Preview Assets.xcassets in Resources */,
				6EA0F9322953454F00552ECD /* Assets.xcassets in Resources */,
			);
			runOnlyForDeploymentPostprocessing = 0;
		};
/* End PBXResourcesBuildPhase section */

/* Begin PBXSourcesBuildPhase section */
		6EA0F9262953454F00552ECD /* Sources */ = {
			isa = PBXSourcesBuildPhase;
			buildActionMask = 2147483647;
			files = (
				6EA0F9302953454F00552ECD /* ContentView.swift in Sources */,
				6E317061295FD276001633D6 /* BombView.swift in Sources */,
				6E31706729650AF4001633D6 /* BombViewModel.swift in Sources */,
				6E31705D295FCCA3001633D6 /* Bomb.swift in Sources */,
				6EA0F92E2953454F00552ECD /* Practice01App.swift in Sources */,
				6EA0F93F2955148800552ECD /* MainViewModel.swift in Sources */,
			);
			runOnlyForDeploymentPostprocessing = 0;
		};
/* End PBXSourcesBuildPhase section */

/* Begin XCBuildConfiguration section */
		6EA0F9372953454F00552ECD /* Debug */ = {
			isa = XCBuildConfiguration;
			buildSettings = {
				ALWAYS_SEARCH_USER_PATHS = NO;
				CLANG_ANALYZER_NONNULL = YES;
				CLANG_ANALYZER_NUMBER_OBJECT_CONVERSION = YES_AGGRESSIVE;
				CLANG_CXX_LANGUAGE_STANDARD = "gnu++20";
				CLANG_ENABLE_MODULES = YES;
				CLANG_ENABLE_OBJC_ARC = YES;
				CLANG_ENABLE_OBJC_WEAK = YES;
				CLANG_WARN_BLOCK_CAPTURE_AUTORELEASING = YES;
				CLANG_WARN_BOOL_CONVERSION = YES;
				CLANG_WARN_COMMA = YES;
				CLANG_WARN_CONSTANT_CONVERSION = YES;
				CLANG_WARN_DEPRECATED_OBJC_IMPLEMENTATIONS = YES;
				CLANG_WARN_DIRECT_OBJC_ISA_USAGE = YES_ERROR;
				CLANG_WARN_DOCUMENTATION_COMMENTS = YES;
				CLANG_WARN_EMPTY_BODY = YES;
				CLANG_WARN_ENUM_CONVERSION = YES;
				CLANG_WARN_INFINITE_RECURSION = YES;
				CLANG_WARN_INT_CONVERSION = YES;
				CLANG_WARN_NON_LITERAL_NULL_CONVERSION = YES;
				CLANG_WARN_OBJC_IMPLICIT_RETAIN_SELF = YES;
				CLANG_WARN_OBJC_LITERAL_CONVERSION = YES;
				CLANG_WARN_OBJC_ROOT_CLASS = YES_ERROR;
				CLANG_WARN_QUOTED_INCLUDE_IN_FRAMEWORK_HEADER = YES;
				CLANG_WARN_RANGE_LOOP_ANALYSIS = YES;
				CLANG_WARN_STRICT_PROTOTYPES = YES;
				CLANG_WARN_SUSPICIOUS_MOVE = YES;
				CLANG_WARN_UNGUARDED_AVAILABILITY = YES_AGGRESSIVE;
				CLANG_WARN_UNREACHABLE_CODE = YES;
				CLANG_WARN__DUPLICATE_METHOD_MATCH = YES;
				COPY_PHASE_STRIP = NO;
				DEBUG_INFORMATION_FORMAT = dwarf;
				ENABLE_STRICT_OBJC_MSGSEND = YES;
				ENABLE_TESTABILITY = YES;
				GCC_C_LANGUAGE_STANDARD = gnu11;
				GCC_DYNAMIC_NO_PIC = NO;
				GCC_NO_COMMON_BLOCKS = YES;
				GCC_OPTIMIZATION_LEVEL = 0;
				GCC_PREPROCESSOR_DEFINITIONS = (
					"DEBUG=1",
					"$(inherited)",
				);
				GCC_WARN_64_TO_32_BIT_CONVERSION = YES;
				GCC_WARN_ABOUT_RETURN_TYPE = YES_ERROR;
				GCC_WARN_UNDECLARED_SELECTOR = YES;
				GCC_WARN_UNINITIALIZED_AUTOS = YES_AGGRESSIVE;
				GCC_WARN_UNUSED_FUNCTION = YES;
				GCC_WARN_UNUSED_VARIABLE = YES;
				MTL_ENABLE_DEBUG_INFO = INCLUDE_SOURCE;
				MTL_FAST_MATH = YES;
				ONLY_ACTIVE_ARCH = YES;
				SWIFT_ACTIVE_COMPILATION_CONDITIONS = DEBUG;
				SWIFT_OPTIMIZATION_LEVEL = "-Onone";
			};
			name = Debug;
		};
		6EA0F9382953454F00552ECD /* Release */ = {
			isa = XCBuildConfiguration;
			buildSettings = {
				ALWAYS_SEARCH_USER_PATHS = NO;
				CLANG_ANALYZER_NONNULL = YES;
				CLANG_ANALYZER_NUMBER_OBJECT_CONVERSION = YES_AGGRESSIVE;
				CLANG_CXX_LANGUAGE_STANDARD = "gnu++20";
				CLANG_ENABLE_MODULES = YES;
				CLANG_ENABLE_OBJC_ARC = YES;
				CLANG_ENABLE_OBJC_WEAK = YES;
				CLANG_WARN_BLOCK_CAPTURE_AUTORELEASING = YES;
				CLANG_WARN_BOOL_CONVERSION = YES;
				CLANG_WARN_COMMA = YES;
				CLANG_WARN_CONSTANT_CONVERSION = YES;
				CLANG_WARN_DEPRECATED_OBJC_IMPLEMENTATIONS = YES;
				CLANG_WARN_DIRECT_OBJC_ISA_USAGE = YES_ERROR;
				CLANG_WARN_DOCUMENTATION_COMMENTS = YES;
				CLANG_WARN_EMPTY_BODY = YES;
				CLANG_WARN_ENUM_CONVERSION = YES;
				CLANG_WARN_INFINITE_RECURSION = YES;
				CLANG_WARN_INT_CONVERSION = YES;
				CLANG_WARN_NON_LITERAL_NULL_CONVERSION = YES;
				CLANG_WARN_OBJC_IMPLICIT_RETAIN_SELF = YES;
				CLANG_WARN_OBJC_LITERAL_CONVERSION = YES;
				CLANG_WARN_OBJC_ROOT_CLASS = YES_ERROR;
				CLANG_WARN_QUOTED_INCLUDE_IN_FRAMEWORK_HEADER = YES;
				CLANG_WARN_RANGE_LOOP_ANALYSIS = YES;
				CLANG_WARN_STRICT_PROTOTYPES = YES;
				CLANG_WARN_SUSPICIOUS_MOVE = YES;
				CLANG_WARN_UNGUARDED_AVAILABILITY = YES_AGGRESSIVE;
				CLANG_WARN_UNREACHABLE_CODE = YES;
				CLANG_WARN__DUPLICATE_METHOD_MATCH = YES;
				COPY_PHASE_STRIP = NO;
				DEBUG_INFORMATION_FORMAT = "dwarf-with-dsym";
				ENABLE_NS_ASSERTIONS = NO;
				ENABLE_STRICT_OBJC_MSGSEND = YES;
				GCC_C_LANGUAGE_STANDARD = gnu11;
				GCC_NO_COMMON_BLOCKS = YES;
				GCC_WARN_64_TO_32_BIT_CONVERSION = YES;
				GCC_WARN_ABOUT_RETURN_TYPE = YES_ERROR;
				GCC_WARN_UNDECLARED_SELECTOR = YES;
				GCC_WARN_UNINITIALIZED_AUTOS = YES_AGGRESSIVE;
				GCC_WARN_UNUSED_FUNCTION = YES;
				GCC_WARN_UNUSED_VARIABLE = YES;
				MTL_ENABLE_DEBUG_INFO = NO;
				MTL_FAST_MATH = YES;
				SWIFT_COMPILATION_MODE = wholemodule;
				SWIFT_OPTIMIZATION_LEVEL = "-O";
			};
			name = Release;
		};
		6EA0F93A2953454F00552ECD /* Debug */ = {
			isa = XCBuildConfiguration;
			buildSettings = {
				ASSETCATALOG_COMPILER_APPICON_NAME = AppIcon;
				ASSETCATALOG_COMPILER_GLOBAL_ACCENT_COLOR_NAME = AccentColor;
				CODE_SIGN_ENTITLEMENTS = Practice01/Practice01.entitlements;
				CODE_SIGN_STYLE = Automatic;
				CURRENT_PROJECT_VERSION = 1;
				DEVELOPMENT_ASSET_PATHS = "\"Practice01/Preview Content\"";
				DEVELOPMENT_TEAM = AS59NHY3S7;
				ENABLE_HARDENED_RUNTIME = YES;
				ENABLE_PREVIEWS = YES;
				GENERATE_INFOPLIST_FILE = YES;
				"INFOPLIST_KEY_UIApplicationSceneManifest_Generation[sdk=iphoneos*]" = YES;
				"INFOPLIST_KEY_UIApplicationSceneManifest_Generation[sdk=iphonesimulator*]" = YES;
				"INFOPLIST_KEY_UIApplicationSupportsIndirectInputEvents[sdk=iphoneos*]" = YES;
				"INFOPLIST_KEY_UIApplicationSupportsIndirectInputEvents[sdk=iphonesimulator*]" = YES;
				"INFOPLIST_KEY_UILaunchScreen_Generation[sdk=iphoneos*]" = YES;
				"INFOPLIST_KEY_UILaunchScreen_Generation[sdk=iphonesimulator*]" = YES;
				"INFOPLIST_KEY_UIStatusBarStyle[sdk=iphoneos*]" = UIStatusBarStyleDefault;
				"INFOPLIST_KEY_UIStatusBarStyle[sdk=iphonesimulator*]" = UIStatusBarStyleDefault;
				INFOPLIST_KEY_UISupportedInterfaceOrientations_iPad = "UIInterfaceOrientationPortrait UIInterfaceOrientationPortraitUpsideDown UIInterfaceOrientationLandscapeLeft UIInterfaceOrientationLandscapeRight";
				INFOPLIST_KEY_UISupportedInterfaceOrientations_iPhone = "UIInterfaceOrientationPortrait UIInterfaceOrientationLandscapeLeft UIInterfaceOrientationLandscapeRight";
				IPHONEOS_DEPLOYMENT_TARGET = 16.2;
				LD_RUNPATH_SEARCH_PATHS = "@executable_path/Frameworks";
				"LD_RUNPATH_SEARCH_PATHS[sdk=macosx*]" = "@executable_path/../Frameworks";
				MACOSX_DEPLOYMENT_TARGET = 13.0;
				MARKETING_VERSION = 1.0;
				PRODUCT_BUNDLE_IDENTIFIER = com.Dazs.Practice01;
				PRODUCT_NAME = "$(TARGET_NAME)";
				SDKROOT = auto;
				SUPPORTED_PLATFORMS = "iphoneos iphonesimulator macosx";
				SWIFT_EMIT_LOC_STRINGS = YES;
				SWIFT_VERSION = 5.0;
				TARGETED_DEVICE_FAMILY = "1,2";
			};
			name = Debug;
		};
		6EA0F93B2953454F00552ECD /* Release */ = {
			isa = XCBuildConfiguration;
			buildSettings = {
				ASSETCATALOG_COMPILER_APPICON_NAME = AppIcon;
				ASSETCATALOG_COMPILER_GLOBAL_ACCENT_COLOR_NAME = AccentColor;
				CODE_SIGN_ENTITLEMENTS = Practice01/Practice01.entitlements;
				CODE_SIGN_STYLE = Automatic;
				CURRENT_PROJECT_VERSION = 1;
				DEVELOPMENT_ASSET_PATHS = "\"Practice01/Preview Content\"";
				DEVELOPMENT_TEAM = AS59NHY3S7;
				ENABLE_HARDENED_RUNTIME = YES;
				ENABLE_PREVIEWS = YES;
				GENERATE_INFOPLIST_FILE = YES;
				"INFOPLIST_KEY_UIApplicationSceneManifest_Generation[sdk=iphoneos*]" = YES;
				"INFOPLIST_KEY_UIApplicationSceneManifest_Generation[sdk=iphonesimulator*]" = YES;
				"INFOPLIST_KEY_UIApplicationSupportsIndirectInputEvents[sdk=iphoneos*]" = YES;
				"INFOPLIST_KEY_UIApplicationSupportsIndirectInputEvents[sdk=iphonesimulator*]" = YES;
				"INFOPLIST_KEY_UILaunchScreen_Generation[sdk=iphoneos*]" = YES;
				"INFOPLIST_KEY_UILaunchScreen_Generation[sdk=iphonesimulator*]" = YES;
				"INFOPLIST_KEY_UIStatusBarStyle[sdk=iphoneos*]" = UIStatusBarStyleDefault;
				"INFOPLIST_KEY_UIStatusBarStyle[sdk=iphonesimulator*]" = UIStatusBarStyleDefault;
				INFOPLIST_KEY_UISupportedInterfaceOrientations_iPad = "UIInterfaceOrientationPortrait UIInterfaceOrientationPortraitUpsideDown UIInterfaceOrientationLandscapeLeft UIInterfaceOrientationLandscapeRight";
				INFOPLIST_KEY_UISupportedInterfaceOrientations_iPhone = "UIInterfaceOrientationPortrait UIInterfaceOrientationLandscapeLeft UIInterfaceOrientationLandscapeRight";
				IPHONEOS_DEPLOYMENT_TARGET = 16.2;
				LD_RUNPATH_SEARCH_PATHS = "@executable_path/Frameworks";
				"LD_RUNPATH_SEARCH_PATHS[sdk=macosx*]" = "@executable_path/../Frameworks";
				MACOSX_DEPLOYMENT_TARGET = 13.0;
				MARKETING_VERSION = 1.0;
				PRODUCT_BUNDLE_IDENTIFIER = com.Dazs.Practice01;
				PRODUCT_NAME = "$(TARGET_NAME)";
				SDKROOT = auto;
				SUPPORTED_PLATFORMS = "iphoneos iphonesimulator macosx";
				SWIFT_EMIT_LOC_STRINGS = YES;
				SWIFT_VERSION = 5.0;
				TARGETED_DEVICE_FAMILY = "1,2";
			};
			name = Release;
		};
/* End XCBuildConfiguration section */

/* Begin XCConfigurationList section */
		6EA0F9252953454F00552ECD /* Build configuration list for PBXProject "Practice01" */ = {
			isa = XCConfigurationList;
			buildConfigurations = (
				6EA0F9372953454F00552ECD /* Debug */,
				6EA0F9382953454F00552ECD /* Release */,
			);
			defaultConfigurationIsVisible = 0;
			defaultConfigurationName = Release;
		};
		6EA0F9392953454F00552ECD /* Build configuration list for PBXNativeTarget "Practice01" */ = {
			isa = XCConfigurationList;
			buildConfigurations = (
				6EA0F93A2953454F00552ECD /* Debug */,
				6EA0F93B2953454F00552ECD /* Release */,
			);
			defaultConfigurationIsVisible = 0;
			defaultConfigurationName = Release;
		};
/* End XCConfigurationList section */

/* Begin XCRemoteSwiftPackageReference section */
		6E85AAC0295DBAF900E82503 /* XCRemoteSwiftPackageReference "rive-ios" */ = {
			isa = XCRemoteSwiftPackageReference;
			repositoryURL = "https://github.com/rive-app/rive-ios";
			requirement = {
				kind = upToNextMajorVersion;
				minimumVersion = 3.0.0;
			};
		};
/* End XCRemoteSwiftPackageReference section */

/* Begin XCSwiftPackageProductDependency section */
		6E85AAC1295DBAF900E82503 /* RiveRuntime */ = {
			isa = XCSwiftPackageProductDependency;
			package = 6E85AAC0295DBAF900E82503 /* XCRemoteSwiftPackageReference "rive-ios" */;
			productName = RiveRuntime;
		};
/* End XCSwiftPackageProductDependency section */
	};
	rootObject = 6EA0F9222953454F00552ECD /* Project object */;
}
